// !$*UTF8*$!
{
	archiveVersion = 1;
	classes = {
	};
	objectVersion = 50;
	objects = {

/* Begin PBXBuildFile section */
		C22CB8CD238EAECD0052D3C6 /* AppDelegate.swift in Sources */ = {isa = PBXBuildFile; fileRef = C22CB8CC238EAECD0052D3C6 /* AppDelegate.swift */; };
		C22CB8CF238EAECD0052D3C6 /* SceneDelegate.swift in Sources */ = {isa = PBXBuildFile; fileRef = C22CB8CE238EAECD0052D3C6 /* SceneDelegate.swift */; };
		C22CB8D1238EAECD0052D3C6 /* ViewController.swift in Sources */ = {isa = PBXBuildFile; fileRef = C22CB8D0238EAECD0052D3C6 /* ViewController.swift */; };
		C22CB8D4238EAECD0052D3C6 /* Main.storyboard in Resources */ = {isa = PBXBuildFile; fileRef = C22CB8D2238EAECD0052D3C6 /* Main.storyboard */; };
		C22CB8D6238EAEDA0052D3C6 /* Assets.xcassets in Resources */ = {isa = PBXBuildFile; fileRef = C22CB8D5238EAEDA0052D3C6 /* Assets.xcassets */; };
		C22CB8D9238EAEDA0052D3C6 /* LaunchScreen.storyboard in Resources */ = {isa = PBXBuildFile; fileRef = C22CB8D7238EAEDA0052D3C6 /* LaunchScreen.storyboard */; };
		C22CB8E4238EAEDB0052D3C6 /* __10_DisplayTorchTests.swift in Sources */ = {isa = PBXBuildFile; fileRef = C22CB8E3238EAEDB0052D3C6 /* __10_DisplayTorchTests.swift */; };
		C22CB8EF238EAEDB0052D3C6 /* __10_DisplayTorchUITests.swift in Sources */ = {isa = PBXBuildFile; fileRef = C22CB8EE238EAEDB0052D3C6 /* __10_DisplayTorchUITests.swift */; };
/* End PBXBuildFile section */

/* Begin PBXContainerItemProxy section */
		C22CB8E0238EAEDB0052D3C6 /* PBXContainerItemProxy */ = {
			isa = PBXContainerItemProxy;
			containerPortal = C22CB8C1238EAECD0052D3C6 /* Project object */;
			proxyType = 1;
			remoteGlobalIDString = C22CB8C8238EAECD0052D3C6;
			remoteInfo = "2-10-DisplayTorch";
		};
		C22CB8EB238EAEDB0052D3C6 /* PBXContainerItemProxy */ = {
			isa = PBXContainerItemProxy;
			containerPortal = C22CB8C1238EAECD0052D3C6 /* Project object */;
			proxyType = 1;
			remoteGlobalIDString = C22CB8C8238EAECD0052D3C6;
			remoteInfo = "2-10-DisplayTorch";
		};
/* End PBXContainerItemProxy section */

/* Begin PBXFileReference section */
		C22CB8C9238EAECD0052D3C6 /* 2-10-DisplayTorch.app */ = {isa = PBXFileReference; explicitFileType = wrapper.application; includeInIndex = 0; path = "2-10-DisplayTorch.app"; sourceTree = BUILT_PRODUCTS_DIR; };
		C22CB8CC238EAECD0052D3C6 /* AppDelegate.swift */ = {isa = PBXFileReference; lastKnownFileType = sourcecode.swift; path = AppDelegate.swift; sourceTree = "<group>"; };
		C22CB8CE238EAECD0052D3C6 /* SceneDelegate.swift */ = {isa = PBXFileReference; lastKnownFileType = sourcecode.swift; path = SceneDelegate.swift; sourceTree = "<group>"; };
		C22CB8D0238EAECD0052D3C6 /* ViewController.swift */ = {isa = PBXFileReference; lastKnownFileType = sourcecode.swift; path = ViewController.swift; sourceTree = "<group>"; };
		C22CB8D3238EAECD0052D3C6 /* Base */ = {isa = PBXFileReference; lastKnownFileType = file.storyboard; name = Base; path = Base.lproj/Main.storyboard; sourceTree = "<group>"; };
		C22CB8D5238EAEDA0052D3C6 /* Assets.xcassets */ = {isa = PBXFileReference; lastKnownFileType = folder.assetcatalog; path = Assets.xcassets; sourceTree = "<group>"; };
		C22CB8D8238EAEDA0052D3C6 /* Base */ = {isa = PBXFileReference; lastKnownFileType = file.storyboard; name = Base; path = Base.lproj/LaunchScreen.storyboard; sourceTree = "<group>"; };
		C22CB8DA238EAEDA0052D3C6 /* Info.plist */ = {isa = PBXFileReference; lastKnownFileType = text.plist.xml; path = Info.plist; sourceTree = "<group>"; };
		C22CB8DF238EAEDB0052D3C6 /* 2-10-DisplayTorchTests.xctest */ = {isa = PBXFileReference; explicitFileType = wrapper.cfbundle; includeInIndex = 0; path = "2-10-DisplayTorchTests.xctest"; sourceTree = BUILT_PRODUCTS_DIR; };
		C22CB8E3238EAEDB0052D3C6 /* __10_DisplayTorchTests.swift */ = {isa = PBXFileReference; lastKnownFileType = sourcecode.swift; path = __10_DisplayTorchTests.swift; sourceTree = "<group>"; };
		C22CB8E5238EAEDB0052D3C6 /* Info.plist */ = {isa = PBXFileReference; lastKnownFileType = text.plist.xml; path = Info.plist; sourceTree = "<group>"; };
		C22CB8EA238EAEDB0052D3C6 /* 2-10-DisplayTorchUITests.xctest */ = {isa = PBXFileReference; explicitFileType = wrapper.cfbundle; includeInIndex = 0; path = "2-10-DisplayTorchUITests.xctest"; sourceTree = BUILT_PRODUCTS_DIR; };
		C22CB8EE238EAEDB0052D3C6 /* __10_DisplayTorchUITests.swift */ = {isa = PBXFileReference; lastKnownFileType = sourcecode.swift; path = __10_DisplayTorchUITests.swift; sourceTree = "<group>"; };
		C22CB8F0238EAEDB0052D3C6 /* Info.plist */ = {isa = PBXFileReference; lastKnownFileType = text.plist.xml; path = Info.plist; sourceTree = "<group>"; };
/* End PBXFileReference section */

/* Begin PBXFrameworksBuildPhase section */
		C22CB8C6238EAECD0052D3C6 /* Frameworks */ = {
			isa = PBXFrameworksBuildPhase;
			buildActionMask = 2147483647;
			files = (
			);
			runOnlyForDeploymentPostprocessing = 0;
		};
		C22CB8DC238EAEDB0052D3C6 /* Frameworks */ = {
			isa = PBXFrameworksBuildPhase;
			buildActionMask = 2147483647;
			files = (
			);
			runOnlyForDeploymentPostprocessing = 0;
		};
		C22CB8E7238EAEDB0052D3C6 /* Frameworks */ = {
			isa = PBXFrameworksBuildPhase;
			buildActionMask = 2147483647;
			files = (
			);
			runOnlyForDeploymentPostprocessing = 0;
		};
/* End PBXFrameworksBuildPhase section */

/* Begin PBXGroup section */
		C22CB8C0238EAECD0052D3C6 = {
			isa = PBXGroup;
			children = (
				C22CB8CB238EAECD0052D3C6 /* 2-10-DisplayTorch */,
				C22CB8E2238EAEDB0052D3C6 /* 2-10-DisplayTorchTests */,
				C22CB8ED238EAEDB0052D3C6 /* 2-10-DisplayTorchUITests */,
				C22CB8CA238EAECD0052D3C6 /* Products */,
			);
			sourceTree = "<group>";
		};
		C22CB8CA238EAECD0052D3C6 /* Products */ = {
			isa = PBXGroup;
			children = (
				C22CB8C9238EAECD0052D3C6 /* 2-10-DisplayTorch.app */,
				C22CB8DF238EAEDB0052D3C6 /* 2-10-DisplayTorchTests.xctest */,
				C22CB8EA238EAEDB0052D3C6 /* 2-10-DisplayTorchUITests.xctest */,
			);
			name = Products;
			sourceTree = "<group>";
		};
		C22CB8CB238EAECD0052D3C6 /* 2-10-DisplayTorch */ = {
			isa = PBXGroup;
			children = (
				C22CB8CC238EAECD0052D3C6 /* AppDelegate.swift */,
				C22CB8CE238EAECD0052D3C6 /* SceneDelegate.swift */,
				C22CB8D0238EAECD0052D3C6 /* ViewController.swift */,
				C22CB8D2238EAECD0052D3C6 /* Main.storyboard */,
				C22CB8D5238EAEDA0052D3C6 /* Assets.xcassets */,
				C22CB8D7238EAEDA0052D3C6 /* LaunchScreen.storyboard */,
				C22CB8DA238EAEDA0052D3C6 /* Info.plist */,
			);
			path = "2-10-DisplayTorch";
			sourceTree = "<group>";
		};
		C22CB8E2238EAEDB0052D3C6 /* 2-10-DisplayTorchTests */ = {
			isa = PBXGroup;
			children = (
				C22CB8E3238EAEDB0052D3C6 /* __10_DisplayTorchTests.swift */,
				C22CB8E5238EAEDB0052D3C6 /* Info.plist */,
			);
			path = "2-10-DisplayTorchTests";
			sourceTree = "<group>";
		};
		C22CB8ED238EAEDB0052D3C6 /* 2-10-DisplayTorchUITests */ = {
			isa = PBXGroup;
			children = (
				C22CB8EE238EAEDB0052D3C6 /* __10_DisplayTorchUITests.swift */,
				C22CB8F0238EAEDB0052D3C6 /* Info.plist */,
			);
			path = "2-10-DisplayTorchUITests";
			sourceTree = "<group>";
		};
/* End PBXGroup section */

/* Begin PBXNativeTarget section */
		C22CB8C8238EAECD0052D3C6 /* 2-10-DisplayTorch */ = {
			isa = PBXNativeTarget;
			buildConfigurationList = C22CB8F3238EAEDB0052D3C6 /* Build configuration list for PBXNativeTarget "2-10-DisplayTorch" */;
			buildPhases = (
				C22CB8C5238EAECD0052D3C6 /* Sources */,
				C22CB8C6238EAECD0052D3C6 /* Frameworks */,
				C22CB8C7238EAECD0052D3C6 /* Resources */,
			);
			buildRules = (
			);
			dependencies = (
			);
			name = "2-10-DisplayTorch";
			productName = "2-10-DisplayTorch";
			productReference = C22CB8C9238EAECD0052D3C6 /* 2-10-DisplayTorch.app */;
			productType = "com.apple.product-type.application";
		};
		C22CB8DE238EAEDB0052D3C6 /* 2-10-DisplayTorchTests */ = {
			isa = PBXNativeTarget;
			buildConfigurationList = C22CB8F6238EAEDB0052D3C6 /* Build configuration list for PBXNativeTarget "2-10-DisplayTorchTests" */;
			buildPhases = (
				C22CB8DB238EAEDB0052D3C6 /* Sources */,
				C22CB8DC238EAEDB0052D3C6 /* Frameworks */,
				C22CB8DD238EAEDB0052D3C6 /* Resources */,
			);
			buildRules = (
			);
			dependencies = (
				C22CB8E1238EAEDB0052D3C6 /* PBXTargetDependency */,
			);
			name = "2-10-DisplayTorchTests";
			productName = "2-10-DisplayTorchTests";
			productReference = C22CB8DF238EAEDB0052D3C6 /* 2-10-DisplayTorchTests.xctest */;
			productType = "com.apple.product-type.bundle.unit-test";
		};
		C22CB8E9238EAEDB0052D3C6 /* 2-10-DisplayTorchUITests */ = {
			isa = PBXNativeTarget;
			buildConfigurationList = C22CB8F9238EAEDB0052D3C6 /* Build configuration list for PBXNativeTarget "2-10-DisplayTorchUITests" */;
			buildPhases = (
				C22CB8E6238EAEDB0052D3C6 /* Sources */,
				C22CB8E7238EAEDB0052D3C6 /* Frameworks */,
				C22CB8E8238EAEDB0052D3C6 /* Resources */,
			);
			buildRules = (
			);
			dependencies = (
				C22CB8EC238EAEDB0052D3C6 /* PBXTargetDependency */,
			);
			name = "2-10-DisplayTorchUITests";
			productName = "2-10-DisplayTorchUITests";
			productReference = C22CB8EA238EAEDB0052D3C6 /* 2-10-DisplayTorchUITests.xctest */;
			productType = "com.apple.product-type.bundle.ui-testing";
		};
/* End PBXNativeTarget section */

/* Begin PBXProject section */
		C22CB8C1238EAECD0052D3C6 /* Project object */ = {
			isa = PBXProject;
			attributes = {
				LastSwiftUpdateCheck = 1120;
				LastUpgradeCheck = 1120;
				ORGANIZATIONNAME = FelixP;
				TargetAttributes = {
					C22CB8C8238EAECD0052D3C6 = {
						CreatedOnToolsVersion = 11.2.1;
					};
					C22CB8DE238EAEDB0052D3C6 = {
						CreatedOnToolsVersion = 11.2.1;
						TestTargetID = C22CB8C8238EAECD0052D3C6;
					};
					C22CB8E9238EAEDB0052D3C6 = {
						CreatedOnToolsVersion = 11.2.1;
						TestTargetID = C22CB8C8238EAECD0052D3C6;
					};
				};
			};
			buildConfigurationList = C22CB8C4238EAECD0052D3C6 /* Build configuration list for PBXProject "2-10-DisplayTorch" */;
			compatibilityVersion = "Xcode 9.3";
			developmentRegion = en;
			hasScannedForEncodings = 0;
			knownRegions = (
				en,
				Base,
			);
			mainGroup = C22CB8C0238EAECD0052D3C6;
			productRefGroup = C22CB8CA238EAECD0052D3C6 /* Products */;
			projectDirPath = "";
			projectRoot = "";
			targets = (
				C22CB8C8238EAECD0052D3C6 /* 2-10-DisplayTorch */,
				C22CB8DE238EAEDB0052D3C6 /* 2-10-DisplayTorchTests */,
				C22CB8E9238EAEDB0052D3C6 /* 2-10-DisplayTorchUITests */,
			);
		};
/* End PBXProject section */

/* Begin PBXResourcesBuildPhase section */
		C22CB8C7238EAECD0052D3C6 /* Resources */ = {
			isa = PBXResourcesBuildPhase;
			buildActionMask = 2147483647;
			files = (
				C22CB8D9238EAEDA0052D3C6 /* LaunchScreen.storyboard in Resources */,
				C22CB8D6238EAEDA0052D3C6 /* Assets.xcassets in Resources */,
				C22CB8D4238EAECD0052D3C6 /* Main.storyboard in Resources */,
			);
			runOnlyForDeploymentPostprocessing = 0;
		};
		C22CB8DD238EAEDB0052D3C6 /* Resources */ = {
			isa = PBXResourcesBuildPhase;
			buildActionMask = 2147483647;
			files = (
			);
			runOnlyForDeploymentPostprocessing = 0;
		};
		C22CB8E8238EAEDB0052D3C6 /* Resources */ = {
			isa = PBXResourcesBuildPhase;
			buildActionMask = 2147483647;
			files = (
			);
			runOnlyForDeploymentPostprocessing = 0;
		};
/* End PBXResourcesBuildPhase section */

/* Begin PBXSourcesBuildPhase section */
		C22CB8C5238EAECD0052D3C6 /* Sources */ = {
			isa = PBXSourcesBuildPhase;
			buildActionMask = 2147483647;
			files = (
				C22CB8D1238EAECD0052D3C6 /* ViewController.swift in Sources */,
				C22CB8CD238EAECD0052D3C6 /* AppDelegate.swift in Sources */,
				C22CB8CF238EAECD0052D3C6 /* SceneDelegate.swift in Sources */,
			);
			runOnlyForDeploymentPostprocessing = 0;
		};
		C22CB8DB238EAEDB0052D3C6 /* Sources */ = {
			isa = PBXSourcesBuildPhase;
			buildActionMask = 2147483647;
			files = (
				C22CB8E4238EAEDB0052D3C6 /* __10_DisplayTorchTests.swift in Sources */,
			);
			runOnlyForDeploymentPostprocessing = 0;
		};
		C22CB8E6238EAEDB0052D3C6 /* Sources */ = {
			isa = PBXSourcesBuildPhase;
			buildActionMask = 2147483647;
			files = (
				C22CB8EF238EAEDB0052D3C6 /* __10_DisplayTorchUITests.swift in Sources */,
			);
			runOnlyForDeploymentPostprocessing = 0;
		};
/* End PBXSourcesBuildPhase section */

/* Begin PBXTargetDependency section */
		C22CB8E1238EAEDB0052D3C6 /* PBXTargetDependency */ = {
			isa = PBXTargetDependency;
			target = C22CB8C8238EAECD0052D3C6 /* 2-10-DisplayTorch */;
			targetProxy = C22CB8E0238EAEDB0052D3C6 /* PBXContainerItemProxy */;
		};
		C22CB8EC238EAEDB0052D3C6 /* PBXTargetDependency */ = {
			isa = PBXTargetDependency;
			target = C22CB8C8238EAECD0052D3C6 /* 2-10-DisplayTorch */;
			targetProxy = C22CB8EB238EAEDB0052D3C6 /* PBXContainerItemProxy */;
		};
/* End PBXTargetDependency section */

/* Begin PBXVariantGroup section */
		C22CB8D2238EAECD0052D3C6 /* Main.storyboard */ = {
			isa = PBXVariantGroup;
			children = (
				C22CB8D3238EAECD0052D3C6 /* Base */,
			);
			name = Main.storyboard;
			sourceTree = "<group>";
		};
		C22CB8D7238EAEDA0052D3C6 /* LaunchScreen.storyboard */ = {
			isa = PBXVariantGroup;
			children = (
				C22CB8D8238EAEDA0052D3C6 /* Base */,
			);
			name = LaunchScreen.storyboard;
			sourceTree = "<group>";
		};
/* End PBXVariantGroup section */

/* Begin XCBuildConfiguration section */
		C22CB8F1238EAEDB0052D3C6 /* Debug */ = {
			isa = XCBuildConfiguration;
			buildSettings = {
				ALWAYS_SEARCH_USER_PATHS = NO;
				CLANG_ANALYZER_NONNULL = YES;
				CLANG_ANALYZER_NUMBER_OBJECT_CONVERSION = YES_AGGRESSIVE;
				CLANG_CXX_LANGUAGE_STANDARD = "gnu++14";
				CLANG_CXX_LIBRARY = "libc++";
				CLANG_ENABLE_MODULES = YES;
				CLANG_ENABLE_OBJC_ARC = YES;
				CLANG_ENABLE_OBJC_WEAK = YES;
				CLANG_WARN_BLOCK_CAPTURE_AUTORELEASING = YES;
				CLANG_WARN_BOOL_CONVERSION = YES;
				CLANG_WARN_COMMA = YES;
				CLANG_WARN_CONSTANT_CONVERSION = YES;
				CLANG_WARN_DEPRECATED_OBJC_IMPLEMENTATIONS = YES;
				CLANG_WARN_DIRECT_OBJC_ISA_USAGE = YES_ERROR;
				CLANG_WARN_DOCUMENTATION_COMMENTS = YES;
				CLANG_WARN_EMPTY_BODY = YES;
				CLANG_WARN_ENUM_CONVERSION = YES;
				CLANG_WARN_INFINITE_RECURSION = YES;
				CLANG_WARN_INT_CONVERSION = YES;
				CLANG_WARN_NON_LITERAL_NULL_CONVERSION = YES;
				CLANG_WARN_OBJC_IMPLICIT_RETAIN_SELF = YES;
				CLANG_WARN_OBJC_LITERAL_CONVERSION = YES;
				CLANG_WARN_OBJC_ROOT_CLASS = YES_ERROR;
				CLANG_WARN_RANGE_LOOP_ANALYSIS = YES;
				CLANG_WARN_STRICT_PROTOTYPES = YES;
				CLANG_WARN_SUSPICIOUS_MOVE = YES;
				CLANG_WARN_UNGUARDED_AVAILABILITY = YES_AGGRESSIVE;
				CLANG_WARN_UNREACHABLE_CODE = YES;
				CLANG_WARN__DUPLICATE_METHOD_MATCH = YES;
				COPY_PHASE_STRIP = NO;
				DEBUG_INFORMATION_FORMAT = dwarf;
				ENABLE_STRICT_OBJC_MSGSEND = YES;
				ENABLE_TESTABILITY = YES;
				GCC_C_LANGUAGE_STANDARD = gnu11;
				GCC_DYNAMIC_NO_PIC = NO;
				GCC_NO_COMMON_BLOCKS = YES;
				GCC_OPTIMIZATION_LEVEL = 0;
				GCC_PREPROCESSOR_DEFINITIONS = (
					"DEBUG=1",
					"$(inherited)",
				);
				GCC_WARN_64_TO_32_BIT_CONVERSION = YES;
				GCC_WARN_ABOUT_RETURN_TYPE = YES_ERROR;
				GCC_WARN_UNDECLARED_SELECTOR = YES;
				GCC_WARN_UNINITIALIZED_AUTOS = YES_AGGRESSIVE;
				GCC_WARN_UNUSED_FUNCTION = YES;
				GCC_WARN_UNUSED_VARIABLE = YES;
				IPHONEOS_DEPLOYMENT_TARGET = 13.2;
				MTL_ENABLE_DEBUG_INFO = INCLUDE_SOURCE;
				MTL_FAST_MATH = YES;
				ONLY_ACTIVE_ARCH = YES;
				SDKROOT = iphoneos;
				SWIFT_ACTIVE_COMPILATION_CONDITIONS = DEBUG;
				SWIFT_OPTIMIZATION_LEVEL = "-Onone";
			};
			name = Debug;
		};
		C22CB8F2238EAEDB0052D3C6 /* Release */ = {
			isa = XCBuildConfiguration;
			buildSettings = {
				ALWAYS_SEARCH_USER_PATHS = NO;
				CLANG_ANALYZER_NONNULL = YES;
				CLANG_ANALYZER_NUMBER_OBJECT_CONVERSION = YES_AGGRESSIVE;
				CLANG_CXX_LANGUAGE_STANDARD = "gnu++14";
				CLANG_CXX_LIBRARY = "libc++";
				CLANG_ENABLE_MODULES = YES;
				CLANG_ENABLE_OBJC_ARC = YES;
				CLANG_ENABLE_OBJC_WEAK = YES;
				CLANG_WARN_BLOCK_CAPTURE_AUTORELEASING = YES;
				CLANG_WARN_BOOL_CONVERSION = YES;
				CLANG_WARN_COMMA = YES;
				CLANG_WARN_CONSTANT_CONVERSION = YES;
				CLANG_WARN_DEPRECATED_OBJC_IMPLEMENTATIONS = YES;
				CLANG_WARN_DIRECT_OBJC_ISA_USAGE = YES_ERROR;
				CLANG_WARN_DOCUMENTATION_COMMENTS = YES;
				CLANG_WARN_EMPTY_BODY = YES;
				CLANG_WARN_ENUM_CONVERSION = YES;
				CLANG_WARN_INFINITE_RECURSION = YES;
				CLANG_WARN_INT_CONVERSION = YES;
				CLANG_WARN_NON_LITERAL_NULL_CONVERSION = YES;
				CLANG_WARN_OBJC_IMPLICIT_RETAIN_SELF = YES;
				CLANG_WARN_OBJC_LITERAL_CONVERSION = YES;
				CLANG_WARN_OBJC_ROOT_CLASS = YES_ERROR;
				CLANG_WARN_RANGE_LOOP_ANALYSIS = YES;
				CLANG_WARN_STRICT_PROTOTYPES = YES;
				CLANG_WARN_SUSPICIOUS_MOVE = YES;
				CLANG_WARN_UNGUARDED_AVAILABILITY = YES_AGGRESSIVE;
				CLANG_WARN_UNREACHABLE_CODE = YES;
				CLANG_WARN__DUPLICATE_METHOD_MATCH = YES;
				COPY_PHASE_STRIP = NO;
				DEBUG_INFORMATION_FORMAT = "dwarf-with-dsym";
				ENABLE_NS_ASSERTIONS = NO;
				ENABLE_STRICT_OBJC_MSGSEND = YES;
				GCC_C_LANGUAGE_STANDARD = gnu11;
				GCC_NO_COMMON_BLOCKS = YES;
				GCC_WARN_64_TO_32_BIT_CONVERSION = YES;
				GCC_WARN_ABOUT_RETURN_TYPE = YES_ERROR;
				GCC_WARN_UNDECLARED_SELECTOR = YES;
				GCC_WARN_UNINITIALIZED_AUTOS = YES_AGGRESSIVE;
				GCC_WARN_UNUSED_FUNCTION = YES;
				GCC_WARN_UNUSED_VARIABLE = YES;
				IPHONEOS_DEPLOYMENT_TARGET = 13.2;
				MTL_ENABLE_DEBUG_INFO = NO;
				MTL_FAST_MATH = YES;
				SDKROOT = iphoneos;
				SWIFT_COMPILATION_MODE = wholemodule;
				SWIFT_OPTIMIZATION_LEVEL = "-O";
				VALIDATE_PRODUCT = YES;
			};
			name = Release;
		};
		C22CB8F4238EAEDB0052D3C6 /* Debug */ = {
			isa = XCBuildConfiguration;
			buildSettings = {
				ASSETCATALOG_COMPILER_APPICON_NAME = AppIcon;
				CODE_SIGN_STYLE = Automatic;
				INFOPLIST_FILE = "2-10-DisplayTorch/Info.plist";
				LD_RUNPATH_SEARCH_PATHS = (
					"$(inherited)",
					"@executable_path/Frameworks",
				);
				PRODUCT_BUNDLE_IDENTIFIER = "xu-university.--10-DisplayTorch";
				PRODUCT_NAME = "$(TARGET_NAME)";
				SWIFT_VERSION = 5.0;
				TARGETED_DEVICE_FAMILY = "1,2";
			};
			name = Debug;
		};
		C22CB8F5238EAEDB0052D3C6 /* Release */ = {
			isa = XCBuildConfiguration;
			buildSettings = {
				ASSETCATALOG_COMPILER_APPICON_NAME = AppIcon;
				CODE_SIGN_STYLE = Automatic;
				INFOPLIST_FILE = "2-10-DisplayTorch/Info.plist";
				LD_RUNPATH_SEARCH_PATHS = (
					"$(inherited)",
					"@executable_path/Frameworks",
				);
				PRODUCT_BUNDLE_IDENTIFIER = "xu-university.--10-DisplayTorch";
				PRODUCT_NAME = "$(TARGET_NAME)";
				SWIFT_VERSION = 5.0;
				TARGETED_DEVICE_FAMILY = "1,2";
			};
			name = Release;
		};
		C22CB8F7238EAEDB0052D3C6 /* Debug */ = {
			isa = XCBuildConfiguration;
			buildSettings = {
				ALWAYS_EMBED_SWIFT_STANDARD_LIBRARIES = YES;
				BUNDLE_LOADER = "$(TEST_HOST)";
				CODE_SIGN_STYLE = Automatic;
				INFOPLIST_FILE = "2-10-DisplayTorchTests/Info.plist";
				IPHONEOS_DEPLOYMENT_TARGET = 13.2;
				LD_RUNPATH_SEARCH_PATHS = (
					"$(inherited)",
					"@executable_path/Frameworks",
					"@loader_path/Frameworks",
				);
				PRODUCT_BUNDLE_IDENTIFIER = "xu-university.--10-DisplayTorchTests";
				PRODUCT_NAME = "$(TARGET_NAME)";
				SWIFT_VERSION = 5.0;
				TARGETED_DEVICE_FAMILY = "1,2";
				TEST_HOST = "$(BUILT_PRODUCTS_DIR)/2-10-DisplayTorch.app/2-10-DisplayTorch";
			};
			name = Debug;
		};
		C22CB8F8238EAEDB0052D3C6 /* Release */ = {
			isa = XCBuildConfiguration;
			buildSettings = {
				ALWAYS_EMBED_SWIFT_STANDARD_LIBRARIES = YES;
				BUNDLE_LOADER = "$(TEST_HOST)";
				CODE_SIGN_STYLE = Automatic;
				INFOPLIST_FILE = "2-10-DisplayTorchTests/Info.plist";
				IPHONEOS_DEPLOYMENT_TARGET = 13.2;
				LD_RUNPATH_SEARCH_PATHS = (
					"$(inherited)",
					"@executable_path/Frameworks",
					"@loader_path/Frameworks",
				);
				PRODUCT_BUNDLE_IDENTIFIER = "xu-university.--10-DisplayTorchTests";
				PRODUCT_NAME = "$(TARGET_NAME)";
				SWIFT_VERSION = 5.0;
				TARGETED_DEVICE_FAMILY = "1,2";
				TEST_HOST = "$(BUILT_PRODUCTS_DIR)/2-10-DisplayTorch.app/2-10-DisplayTorch";
			};
			name = Release;
		};
		C22CB8FA238EAEDB0052D3C6 /* Debug */ = {
			isa = XCBuildConfiguration;
			buildSettings = {
				ALWAYS_EMBED_SWIFT_STANDARD_LIBRARIES = YES;
				CODE_SIGN_STYLE = Automatic;
				INFOPLIST_FILE = "2-10-DisplayTorchUITests/Info.plist";
				LD_RUNPATH_SEARCH_PATHS = (
					"$(inherited)",
					"@executable_path/Frameworks",
					"@loader_path/Frameworks",
				);
				PRODUCT_BUNDLE_IDENTIFIER = "xu-university.--10-DisplayTorchUITests";
				PRODUCT_NAME = "$(TARGET_NAME)";
				SWIFT_VERSION = 5.0;
				TARGETED_DEVICE_FAMILY = "1,2";
				TEST_TARGET_NAME = "2-10-DisplayTorch";
			};
			name = Debug;
		};
		C22CB8FB238EAEDB0052D3C6 /* Release */ = {
			isa = XCBuildConfiguration;
			buildSettings = {
				ALWAYS_EMBED_SWIFT_STANDARD_LIBRARIES = YES;
				CODE_SIGN_STYLE = Automatic;
				INFOPLIST_FILE = "2-10-DisplayTorchUITests/Info.plist";
				LD_RUNPATH_SEARCH_PATHS = (
					"$(inherited)",
					"@executable_path/Frameworks",
					"@loader_path/Frameworks",
				);
				PRODUCT_BUNDLE_IDENTIFIER = "xu-university.--10-DisplayTorchUITests";
				PRODUCT_NAME = "$(TARGET_NAME)";
				SWIFT_VERSION = 5.0;
				TARGETED_DEVICE_FAMILY = "1,2";
				TEST_TARGET_NAME = "2-10-DisplayTorch";
			};
			name = Release;
		};
/* End XCBuildConfiguration section */

/* Begin XCConfigurationList section */
		C22CB8C4238EAECD0052D3C6 /* Build configuration list for PBXProject "2-10-DisplayTorch" */ = {
			isa = XCConfigurationList;
			buildConfigurations = (
				C22CB8F1238EAEDB0052D3C6 /* Debug */,
				C22CB8F2238EAEDB0052D3C6 /* Release */,
			);
			defaultConfigurationIsVisible = 0;
			defaultConfigurationName = Release;
		};
		C22CB8F3238EAEDB0052D3C6 /* Build configuration list for PBXNativeTarget "2-10-DisplayTorch" */ = {
			isa = XCConfigurationList;
			buildConfigurations = (
				C22CB8F4238EAEDB0052D3C6 /* Debug */,
				C22CB8F5238EAEDB0052D3C6 /* Release */,
			);
			defaultConfigurationIsVisible = 0;
			defaultConfigurationName = Release;
		};
		C22CB8F6238EAEDB0052D3C6 /* Build configuration list for PBXNativeTarget "2-10-DisplayTorchTests" */ = {
			isa = XCConfigurationList;
			buildConfigurations = (
				C22CB8F7238EAEDB0052D3C6 /* Debug */,
				C22CB8F8238EAEDB0052D3C6 /* Release */,
			);
			defaultConfigurationIsVisible = 0;
			defaultConfigurationName = Release;
		};
		C22CB8F9238EAEDB0052D3C6 /* Build configuration list for PBXNativeTarget "2-10-DisplayTorchUITests" */ = {
			isa = XCConfigurationList;
			buildConfigurations = (
				C22CB8FA238EAEDB0052D3C6 /* Debug */,
				C22CB8FB238EAEDB0052D3C6 /* Release */,
			);
			defaultConfigurationIsVisible = 0;
			defaultConfigurationName = Release;
		};
/* End XCConfigurationList section */
	};
	rootObject = C22CB8C1238EAECD0052D3C6 /* Project object */;
}
